<Project xmlns="http://schemas.microsoft.com/developer/msbuild/2003">
    <PropertyGroup>
        <ProjectGuid>{A5629E5A-D253-47B5-971A-75D5F637B9D2}</ProjectGuid>
        <MainSource>tecsoft6.dpk</MainSource>
        <Base>True</Base>
        <Config Condition="'$(Config)'==''">Debug</Config>
        <TargetedPlatforms>1</TargetedPlatforms>
        <AppType>Package</AppType>
        <FrameworkType>VCL</FrameworkType>
        <ProjectVersion>19.5</ProjectVersion>
        <Platform Condition="'$(Platform)'==''">Win32</Platform>
    </PropertyGroup>
    <PropertyGroup Condition="'$(Config)'=='Base' or '$(Base)'!=''">
        <Base>true</Base>
    </PropertyGroup>
    <PropertyGroup Condition="('$(Platform)'=='Win32' and '$(Base)'=='true') or '$(Base_Win32)'!=''">
        <Base_Win32>true</Base_Win32>
        <CfgParent>Base</CfgParent>
        <Base>true</Base>
    </PropertyGroup>
    <PropertyGroup Condition="('$(Platform)'=='Win64' and '$(Base)'=='true') or '$(Base_Win64)'!=''">
        <Base_Win64>true</Base_Win64>
        <CfgParent>Base</CfgParent>
        <Base>true</Base>
    </PropertyGroup>
    <PropertyGroup Condition="'$(Config)'=='Release' or '$(Cfg_1)'!=''">
        <Cfg_1>true</Cfg_1>
        <CfgParent>Base</CfgParent>
        <Base>true</Base>
    </PropertyGroup>
    <PropertyGroup Condition="'$(Config)'=='Debug' or '$(Cfg_2)'!=''">
        <Cfg_2>true</Cfg_2>
        <CfgParent>Base</CfgParent>
        <Base>true</Base>
    </PropertyGroup>
    <PropertyGroup Condition="'$(Base)'!=''">
        <DCC_E>false</DCC_E>
        <DCC_F>false</DCC_F>
        <DCC_K>false</DCC_K>
        <DCC_N>false</DCC_N>
        <DCC_S>false</DCC_S>
        <DCC_ImageBase>00400000</DCC_ImageBase>
        <GenDll>true</GenDll>
        <GenPackage>true</GenPackage>
        <SanitizedProjectName>tecsoft6</SanitizedProjectName>
        <DCC_DebugInformation>1</DCC_DebugInformation>
        <DCC_Optimize>false</DCC_Optimize>
        <DCC_IntegerOverflowCheck>true</DCC_IntegerOverflowCheck>
        <DCC_RangeChecking>true</DCC_RangeChecking>
        <DCC_GenerateStackFrames>true</DCC_GenerateStackFrames>
        <RuntimeOnlyPackage>true</RuntimeOnlyPackage>
        <DCC_Define>DEBUG;$(DCC_Define)</DCC_Define>
        <DCC_Namespace>Vcl;Vcl.Imaging;Vcl.Touch;Vcl.Samples;Vcl.Shell;System;Xml;Data;Datasnap;Web;Soap;DUnitX.Loggers.GUI;Winapi;System.Win;$(DCC_Namespace)</DCC_Namespace>
        <VerInfo_Locale>1046</VerInfo_Locale>
        <VerInfo_Keys>CompanyName=;FileDescription=;FileVersion=1.0.0.0;InternalName=;LegalCopyright=;LegalTrademarks=;OriginalFilename=;ProductName=;ProductVersion=1.0.0.0;Comments=;CFBundleName=</VerInfo_Keys>
    </PropertyGroup>
    <PropertyGroup Condition="'$(Base_Win32)'!=''">
        <DCC_Namespace>Winapi;System.Win;Data.Win;Datasnap.Win;Web.Win;Soap.Win;Xml.Win;Bde;$(DCC_Namespace)</DCC_Namespace>
        <BT_BuildType>Debug</BT_BuildType>
        <VerInfo_IncludeVerInfo>true</VerInfo_IncludeVerInfo>
        <VerInfo_Keys>CompanyName=;FileDescription=$(MSBuildProjectName);FileVersion=1.0.0.0;InternalName=;LegalCopyright=;LegalTrademarks=;OriginalFilename=;ProductName=$(MSBuildProjectName);ProductVersion=1.0.0.0;Comments=;ProgramID=com.embarcadero.$(MSBuildProjectName)</VerInfo_Keys>
        <VerInfo_Locale>1033</VerInfo_Locale>
        <Icon_MainIcon>tecsoft6_Icon.ico</Icon_MainIcon>
    </PropertyGroup>
    <PropertyGroup Condition="'$(Base_Win64)'!=''">
        <Icon_MainIcon>tecsoft6_Icon.ico</Icon_MainIcon>
    </PropertyGroup>
    <PropertyGroup Condition="'$(Cfg_1)'!=''">
        <DCC_Define>RELEASE;$(DCC_Define)</DCC_Define>
        <DCC_DebugInformation>0</DCC_DebugInformation>
        <DCC_LocalDebugSymbols>false</DCC_LocalDebugSymbols>
        <DCC_SymbolReferenceInfo>0</DCC_SymbolReferenceInfo>
    </PropertyGroup>
    <PropertyGroup Condition="'$(Cfg_2)'!=''">
        <DCC_Define>DEBUG;$(DCC_Define)</DCC_Define>
        <DCC_Optimize>false</DCC_Optimize>
        <DCC_GenerateStackFrames>true</DCC_GenerateStackFrames>
        <DCC_RangeChecking>true</DCC_RangeChecking>
        <DCC_IntegerOverflowCheck>true</DCC_IntegerOverflowCheck>
    </PropertyGroup>
    <ItemGroup>
        <DelphiCompile Include="$(MainSource)">
            <MainSource>MainSource</MainSource>
        </DelphiCompile>
        <DCCReference Include="BiDiDBNavigator.dcr"/>
        <DCCReference Include="DBTreeView.dcr"/>
        <DCCReference Include="visualclx.dcp"/>
        <DCCReference Include="visualdbclx.dcp"/>
        <DCCReference Include="ZPgSql6.dcp"/>
        <DCCReference Include="VclSmp.dcp"/>
        <DCCReference Include="vcldb.dcp"/>
        <DCCReference Include="vcl.dcp"/>
        <DCCReference Include="rtl.dcp"/>
        <DCCReference Include="dbrtl.dcp"/>
        <DCCReference Include="dsnap.dcp"/>
        <DCCReference Include="bdertl.dcp"/>
        <DCCReference Include="designide.dcp"/>
        <DCCReference Include="vclactnband.dcp"/>
        <DCCReference Include="vclx.dcp"/>
        <DCCReference Include="vcljpg.dcp"/>
        <DCCReference Include="pngimage_D7.dcp"/>
        <DCCReference Include="ACBr_OpenSSL.dcp"/>
        <DCCReference Include="ExportarExcel.dcp"/>
        <DCCReference Include="frx.dcp"/>
        <DCCReference Include="IndyProtocols70.dcp"/>
        <DCCReference Include="IndyCore70.dcp"/>
        <DCCReference Include="IndySystem70.dcp"/>
        <DCCReference Include="xmlrtl.dcp"/>
        <DCCReference Include="TMSD7.dcp"/>
        <DCCReference Include="ACBr_Diversos.dcp"/>
        <DCCReference Include="ACBr_CTe.dcp"/>
        <DCCReference Include="ACBr_synapse.dcp"/>
        <DCCReference Include="soaprtl.dcp"/>
        <DCCReference Include="inet.dcp"/>
        <DCCReference Include="ACBr_Comum.dcp"/>
        <DCCReference Include="webdsnap.dcp"/>
        <DCCReference Include="cpdatabase.pas"/>
        <DCCReference Include="cpnotify.pas"/>
        <DCCReference Include="cpquery.pas"/>
        <DCCReference Include="cptable.pas"/>
        <DCCReference Include="cptransact.pas"/>
        <DCCReference Include="cpdatasource.pas"/>
        <DCCReference Include="constants.pas"/>
        <DCCReference Include="cpcep.pas"/>
        <DCCReference Include="cpcnpj.pas"/>
        <DCCReference Include="cpcpf.pas"/>
        <DCCReference Include="cpdata.pas"/>
        <DCCReference Include="cpdbdata.pas"/>
        <DCCReference Include="cpdbfindcontrols.pas"/>
        <DCCReference Include="cpdbgrid.pas"/>
        <DCCReference Include="cpdbmemo.pas"/>
        <DCCReference Include="cpdbtext.pas"/>
        <DCCReference Include="cpdocumento.pas"/>
        <DCCReference Include="cpdoubledts.pas"/>
        <DCCReference Include="cpfone.pas"/>
        <DCCReference Include="cpstatictext.pas"/>
        <DCCReference Include="cptexto.pas"/>
        <DCCReference Include="..\ctconstantes.pas"/>
        <DCCReference Include="..\biblio.pas"/>
        <DCCReference Include="cppagecontrol.pas"/>
        <DCCReference Include="cpeditioncontrolvalidation.pas"/>
        <DCCReference Include="..\clfinanceira.pas"/>
        <DCCReference Include="..\clusuario.pas"/>
        <DCCReference Include="cpdbradiogroup.pas"/>
        <DCCReference Include="cpnumero.pas"/>
        <DCCReference Include="..\clparametrossistema.pas"/>
        <DCCReference Include="cpdbmesano.pas"/>
        <DCCReference Include="..\clserial.pas"/>
        <DCCReference Include="cpdblookupcombobox.pas"/>
        <DCCReference Include="..\..\repositorio\fmmensagemsimnaoopcaocancela.pas">
            <Form>frmMensagemSimNaoOpcaoCancela</Form>
        </DCCReference>
        <DCCReference Include="cpmascara.pas"/>
        <DCCReference Include="cpcpfcnpj2.pas"/>
        <DCCReference Include="cpcpfcnpj.pas"/>
        <DCCReference Include="cpdbdiames.pas"/>
        <DCCReference Include="Dates.pas"/>
        <DCCReference Include="cpdbspinedit.pas"/>
        <DCCReference Include="cpdbedittext.pas"/>
        <DCCReference Include="cpdbcombobox.pas"/>
        <DCCReference Include="QMonthCalendar.pas"/>
        <DCCReference Include="cpmemo.pas"/>
        <DCCReference Include="..\..\repositorio\fmmensagemsimnaoopcaocancelammo.pas">
            <Form>frmMensagemSimNaoopcaocancelammo</Form>
        </DCCReference>
        <DCCReference Include="DBMaplistCombobox.pas"/>
        <DCCReference Include="Dblup2.pas"/>
        <DCCReference Include="DBTabControl.pas"/>
        <DCCReference Include="BiDiDBNavigator.pas"/>
        <DCCReference Include="DBDateTimePicker.pas"/>
        <DCCReference Include="DBEditDateTimePicker.pas"/>
        <DCCReference Include="DBDateTimePicker2.pas"/>
        <DCCReference Include="DBTreeView.pas"/>
        <DCCReference Include="..\..\repositorio\fmprocessando.pas">
            <Form>frmProcessando</Form>
        </DCCReference>
        <DCCReference Include="vclfixes.pas"/>
        <DCCReference Include="DBIntCheckBox.pas"/>
        <DCCReference Include="PCheck.pas"/>
        <DCCReference Include="PDBCheck.pas"/>
        <DCCReference Include="lpLstBox.pas"/>
        <DCCReference Include="IDGconst.pas"/>
        <DCCReference Include="Flabel.pas"/>
        <DCCReference Include="ofxreader.pas"/>
        <DCCReference Include="fmVisualizacaoCampos.pas">
            <Form>frmVisualizacaoCampos</Form>
        </DCCReference>
        <DCCReference Include="cpmascaracontabil.pas"/>
        <DCCReference Include="..\terceiros\uS3Storage.pas"/>
        <DCCReference Include="..\terceiros\us3thread.pas"/>
        <DCCReference Include="PixRetornoSantander.pas"/>
        <DCCReference Include="..\..\repositorio\fmmensagemsimnaoopcaocancelammoxml.pas">
            <Form>frmMensagemSimNaoopcaocancelammoxml</Form>
        </DCCReference>
        <DCCReference Include="..\..\repositorio\fmselecionarimpressoras.pas">
            <Form>frmSelecionarImpressoras</Form>
        </DCCReference>
        <BuildConfiguration Include="Base">
            <Key>Base</Key>
        </BuildConfiguration>
        <BuildConfiguration Include="Release">
            <Key>Cfg_1</Key>
            <CfgParent>Base</CfgParent>
        </BuildConfiguration>
        <BuildConfiguration Include="Debug">
            <Key>Cfg_2</Key>
            <CfgParent>Base</CfgParent>
        </BuildConfiguration>
    </ItemGroup>
    <ProjectExtensions>
        <Borland.Personality>Delphi.Personality.12</Borland.Personality>
        <Borland.ProjectType>Package</Borland.ProjectType>
        <BorlandProject>
            <Delphi.Personality>
                <Source>
                    <Source Name="MainSource">tecsoft6.dpk</Source>
                </Source>
            </Delphi.Personality>
            <Platforms>
                <Platform value="Android">False</Platform>
                <Platform value="iOSDevice32">False</Platform>
                <Platform value="iOSSimulator">False</Platform>
                <Platform value="Win32">True</Platform>
                <Platform value="Win64">False</Platform>
            </Platforms>
        </BorlandProject>
        <ProjectFileVersion>12</ProjectFileVersion>
    </ProjectExtensions>
    <Import Project="$(BDS)\Bin\CodeGear.Delphi.Targets" Condition="Exists('$(BDS)\Bin\CodeGear.Delphi.Targets')"/>
    <Import Project="$(APPDATA)\Embarcadero\$(BDSAPPDATABASEDIR)\$(PRODUCTVERSION)\UserTools.proj" Condition="Exists('$(APPDATA)\Embarcadero\$(BDSAPPDATABASEDIR)\$(PRODUCTVERSION)\UserTools.proj')"/>
</Project>
