<Project xmlns="http://schemas.microsoft.com/developer/msbuild/2003">
    <PropertyGroup>
        <ProjectGuid>{C7F2FE4F-22A6-41D5-82D9-074B8497AE2B}</ProjectGuid>
        <MainSource>tecsoft6.dpk</MainSource>
        <Base>True</Base>
        <Config Condition="'$(Config)'==''">Debug</Config>
        <TargetedPlatforms>0</TargetedPlatforms>
        <AppType>Package</AppType>
        <FrameworkType>VCL</FrameworkType>
        <ProjectVersion>15.4</ProjectVersion>
        <Platform Condition="'$(Platform)'==''">Win32</Platform>
    </PropertyGroup>
    <PropertyGroup Condition="'$(Config)'=='Base' or '$(Base)'!=''">
        <Base>true</Base>
    </PropertyGroup>
    <PropertyGroup Condition="('$(Platform)'=='Win32' and '$(Base)'=='true') or '$(Base_Win32)'!=''">
        <Base_Win32>true</Base_Win32>
        <CfgParent>Base</CfgParent>
        <Base>true</Base>
    </PropertyGroup>
    <PropertyGroup Condition="'$(Config)'=='Release' or '$(Cfg_1)'!=''">
        <Cfg_1>true</Cfg_1>
        <CfgParent>Base</CfgParent>
        <Base>true</Base>
    </PropertyGroup>
    <PropertyGroup Condition="'$(Config)'=='Debug' or '$(Cfg_2)'!=''">
        <Cfg_2>true</Cfg_2>
        <CfgParent>Base</CfgParent>
        <Base>true</Base>
    </PropertyGroup>
    <PropertyGroup Condition="'$(Base)'!=''">
        <VerInfo_Locale>1046</VerInfo_Locale>
        <DCC_DebugInformation>1</DCC_DebugInformation>
        <DCC_Namespace>Vcl;Vcl.Imaging;Vcl.Touch;Vcl.Samples;Vcl.Shell;System;Xml;Data;Datasnap;Web;Soap;$(DCC_Namespace)</DCC_Namespace>
        <DCC_UNSAFE_CODE>true</DCC_UNSAFE_CODE>
        <VerInfo_MinorVer>9</VerInfo_MinorVer>
        <VerInfo_MajorVer>0</VerInfo_MajorVer>
        <DCC_MapFile>3</DCC_MapFile>
        <DCC_S>false</DCC_S>
        <DCC_N>true</DCC_N>
        <GenDll>true</GenDll>
        <DCC_ImageBase>00400000</DCC_ImageBase>
        <DCC_UNSAFE_TYPE>true</DCC_UNSAFE_TYPE>
        <DCC_K>false</DCC_K>
        <DCC_GenerateStackFrames>true</DCC_GenerateStackFrames>
        <DCC_RangeChecking>true</DCC_RangeChecking>
        <VerInfo_IncludeVerInfo>true</VerInfo_IncludeVerInfo>
        <DCC_UNSAFE_CAST>true</DCC_UNSAFE_CAST>
        <GenPackage>true</GenPackage>
        <DCC_DcpOutput>$(DELPHI)\Lib</DCC_DcpOutput>
        <DCC_BplOutput>C:\projetos.vcl\apps\tecsoft</DCC_BplOutput>
        <RuntimeOnlyPackage>true</RuntimeOnlyPackage>
        <DCC_IntegerOverflowCheck>true</DCC_IntegerOverflowCheck>
        <DCC_Optimize>false</DCC_Optimize>
        <SanitizedProjectName>tecsoft6</SanitizedProjectName>
        <DCC_F>false</DCC_F>
        <DCC_E>false</DCC_E>
        <VerInfo_Keys>CompanyName=TecSoft Tecnologia S/C;FileDescription=Emissão de livros fiscais;FileVersion=0.9.0.0;InternalName=livrosfiscais;LegalCopyright=;LegalTrademarks=;OriginalFilename=livrosfiscais.bpl;ProductName=tecLUX;ProductVersion=0.9;Comments=</VerInfo_Keys>
    </PropertyGroup>
    <PropertyGroup Condition="'$(Base_Win32)'!=''">
        <Icon_MainIcon>tecsoft6_Icon.ico</Icon_MainIcon>
    </PropertyGroup>
    <PropertyGroup Condition="'$(Cfg_1)'!=''">
        <DCC_DebugInformation>0</DCC_DebugInformation>
        <DCC_SymbolReferenceInfo>0</DCC_SymbolReferenceInfo>
        <DCC_Define>RELEASE;$(DCC_Define)</DCC_Define>
        <DCC_LocalDebugSymbols>false</DCC_LocalDebugSymbols>
    </PropertyGroup>
    <PropertyGroup Condition="'$(Cfg_2)'!=''">
        <DCC_Define>DEBUG;$(DCC_Define)</DCC_Define>
    </PropertyGroup>
    <ItemGroup>
        <DelphiCompile Include="$(MainSource)">
            <MainSource>MainSource</MainSource>
        </DelphiCompile>
        <DCCReference Include="indy.dcp"/>
        <DCCReference Include="visualclx.dcp"/>
        <DCCReference Include="visualdbclx.dcp"/>
        <DCCReference Include="ZPgSql6.dcp"/>
        <DCCReference Include="ACBrComum.dcp"/>
        <DCCReference Include="VclSmp.dcp"/>
        <DCCReference Include="vcldb.dcp"/>
        <DCCReference Include="frx.dcp"/>
        <DCCReference Include="vcl.dcp"/>
        <DCCReference Include="rtl.dcp"/>
        <DCCReference Include="dbrtl.dcp"/>
        <DCCReference Include="cpdatabase.pas"/>
        <DCCReference Include="cpnotify.pas"/>
        <DCCReference Include="cpquery.pas"/>
        <DCCReference Include="cptable.pas"/>
        <DCCReference Include="cptransact.pas"/>
        <DCCReference Include="cpdatasource.pas"/>
        <DCCReference Include="constants.pas"/>
        <DCCReference Include="cpcep.pas"/>
        <DCCReference Include="cpcnpj.pas"/>
        <DCCReference Include="cpcpf.pas"/>
        <DCCReference Include="cpdata.pas"/>
        <DCCReference Include="cpdbdata.pas"/>
        <DCCReference Include="cpdbfindcontrols.pas"/>
        <DCCReference Include="cpdbgrid.pas"/>
        <DCCReference Include="cpdbmemo.pas"/>
        <DCCReference Include="cpdbtext.pas"/>
        <DCCReference Include="cpdocumento.pas"/>
        <DCCReference Include="cpdoubledts.pas"/>
        <DCCReference Include="cpfone.pas"/>
        <DCCReference Include="cpstatictext.pas"/>
        <DCCReference Include="cptexto.pas"/>
        <DCCReference Include="..\ctconstantes.pas"/>
        <DCCReference Include="..\biblio.pas"/>
        <DCCReference Include="cppagecontrol.pas"/>
        <DCCReference Include="cpeditioncontrolvalidation.pas"/>
        <DCCReference Include="..\clfinanceira.pas"/>
        <DCCReference Include="..\clusuario.pas"/>
        <DCCReference Include="cpdbradiogroup.pas"/>
        <DCCReference Include="cpnumero.pas"/>
        <DCCReference Include="..\clparametrossistema.pas"/>
        <DCCReference Include="cpdbmesano.pas"/>
        <DCCReference Include="..\clserial.pas"/>
        <DCCReference Include="cpdblookupcombobox.pas"/>
        <DCCReference Include="..\..\repositorio\fmmensagemsimnaoopcaocancela.pas">
            <Form>frmMensagemSimNaoOpcaoCancela</Form>
        </DCCReference>
        <DCCReference Include="cpmascara.pas"/>
        <DCCReference Include="cpcpfcnpj2.pas"/>
        <DCCReference Include="cpcpfcnpj.pas"/>
        <DCCReference Include="cpdbdiames.pas"/>
        <DCCReference Include="Dates.pas"/>
        <DCCReference Include="cpdbspinedit.pas"/>
        <DCCReference Include="cpdbedittext.pas"/>
        <DCCReference Include="cpdbcombobox.pas"/>
        <DCCReference Include="QMonthCalendar.pas"/>
        <DCCReference Include="cpmemo.pas"/>
        <DCCReference Include="ExcelExport.pas"/>
        <DCCReference Include="..\..\repositorio\fmmensagemsimnaoopcaocancelammo.pas">
            <Form>frmMensagemSimNaoopcaocancelammo</Form>
        </DCCReference>
        <BuildConfiguration Include="Debug">
            <Key>Cfg_2</Key>
            <CfgParent>Base</CfgParent>
        </BuildConfiguration>
        <BuildConfiguration Include="Base">
            <Key>Base</Key>
        </BuildConfiguration>
        <BuildConfiguration Include="Release">
            <Key>Cfg_1</Key>
            <CfgParent>Base</CfgParent>
        </BuildConfiguration>
    </ItemGroup>
    <ProjectExtensions>
        <Borland.Personality>Delphi.Personality.12</Borland.Personality>
        <Borland.ProjectType>Package</Borland.ProjectType>
        <BorlandProject>
            <Delphi.Personality>
                <Source>
                    <Source Name="MainSource">tecsoft6.dpk</Source>
                </Source>
                <Language>
                    <Language Name="RootDir">..\..\..\projetos.vcl\biblio\componentes\</Language>
                </Language>
            </Delphi.Personality>
            <Platforms>
                <Platform value="Android">False</Platform>
                <Platform value="iOSDevice">False</Platform>
                <Platform value="iOSSimulator">False</Platform>
                <Platform value="Win32">True</Platform>
            </Platforms>
        </BorlandProject>
        <ProjectFileVersion>12</ProjectFileVersion>
    </ProjectExtensions>
    <Import Project="$(BDS)\Bin\CodeGear.Delphi.Targets" Condition="Exists('$(BDS)\Bin\CodeGear.Delphi.Targets')"/>
    <Import Project="$(APPDATA)\Embarcadero\$(BDSAPPDATABASEDIR)\$(PRODUCTVERSION)\UserTools.proj" Condition="Exists('$(APPDATA)\Embarcadero\$(BDSAPPDATABASEDIR)\$(PRODUCTVERSION)\UserTools.proj')"/>
</Project>
