<Project xmlns="http://schemas.microsoft.com/developer/msbuild/2003">
    <PropertyGroup>
        <ProjectGuid>{30854A5E-A504-4D9B-9513-C9169C33D84E}</ProjectGuid>
        <MainSource>repositorio.dpk</MainSource>
        <Base>True</Base>
        <Config Condition="'$(Config)'==''">Debug</Config>
        <TargetedPlatforms>1</TargetedPlatforms>
        <AppType>Package</AppType>
        <FrameworkType>VCL</FrameworkType>
        <ProjectVersion>19.5</ProjectVersion>
        <Platform Condition="'$(Platform)'==''">Win32</Platform>
    </PropertyGroup>
    <PropertyGroup Condition="'$(Config)'=='Base' or '$(Base)'!=''">
        <Base>true</Base>
    </PropertyGroup>
    <PropertyGroup Condition="('$(Platform)'=='Win32' and '$(Base)'=='true') or '$(Base_Win32)'!=''">
        <Base_Win32>true</Base_Win32>
        <CfgParent>Base</CfgParent>
        <Base>true</Base>
    </PropertyGroup>
    <PropertyGroup Condition="'$(Config)'=='Release' or '$(Cfg_1)'!=''">
        <Cfg_1>true</Cfg_1>
        <CfgParent>Base</CfgParent>
        <Base>true</Base>
    </PropertyGroup>
    <PropertyGroup Condition="'$(Config)'=='Debug' or '$(Cfg_2)'!=''">
        <Cfg_2>true</Cfg_2>
        <CfgParent>Base</CfgParent>
        <Base>true</Base>
    </PropertyGroup>
    <PropertyGroup Condition="'$(Base)'!=''">
        <DCC_E>false</DCC_E>
        <DCC_F>false</DCC_F>
        <DCC_K>false</DCC_K>
        <DCC_N>false</DCC_N>
        <DCC_S>false</DCC_S>
        <DCC_ImageBase>00400000</DCC_ImageBase>
        <GenDll>true</GenDll>
        <GenPackage>true</GenPackage>
        <SanitizedProjectName>repositorio</SanitizedProjectName>
        <DCC_DebugInformation>1</DCC_DebugInformation>
        <DCC_Optimize>false</DCC_Optimize>
        <DCC_IntegerOverflowCheck>true</DCC_IntegerOverflowCheck>
        <DCC_RangeChecking>true</DCC_RangeChecking>
        <DCC_SymbolReferenceInfo>0</DCC_SymbolReferenceInfo>
        <DCC_GenerateStackFrames>true</DCC_GenerateStackFrames>
        <RuntimeOnlyPackage>true</RuntimeOnlyPackage>
        <DCC_Define>MSWINDOWS;$(DCC_Define)</DCC_Define>
        <DCC_Namespace>Vcl;Vcl.Imaging;Vcl.Touch;Vcl.Samples;Vcl.Shell;System;Xml;Data;Datasnap;Web;Soap;DUnitX.Loggers.GUI;Winapi;$(DCC_Namespace)</DCC_Namespace>
        <VerInfo_Locale>1046</VerInfo_Locale>
        <VerInfo_Keys>CompanyName=;FileDescription=;FileVersion=1.0.0.0;InternalName=;LegalCopyright=;LegalTrademarks=;OriginalFilename=;ProductName=;ProductVersion=1.0.0.0;Comments=;CFBundleName=</VerInfo_Keys>
    </PropertyGroup>
    <PropertyGroup Condition="'$(Base_Win32)'!=''">
        <DCC_Namespace>Winapi;System.Win;Data.Win;Datasnap.Win;Web.Win;Soap.Win;Xml.Win;Bde;$(DCC_Namespace)</DCC_Namespace>
        <BT_BuildType>Debug</BT_BuildType>
        <VerInfo_IncludeVerInfo>true</VerInfo_IncludeVerInfo>
        <VerInfo_Keys>CompanyName=;FileDescription=$(MSBuildProjectName);FileVersion=1.0.0.0;InternalName=;LegalCopyright=;LegalTrademarks=;OriginalFilename=;ProductName=$(MSBuildProjectName);ProductVersion=1.0.0.0;Comments=;ProgramID=com.embarcadero.$(MSBuildProjectName)</VerInfo_Keys>
        <VerInfo_Locale>1033</VerInfo_Locale>
    </PropertyGroup>
    <PropertyGroup Condition="'$(Cfg_1)'!=''">
        <DCC_Define>RELEASE;$(DCC_Define)</DCC_Define>
        <DCC_DebugInformation>0</DCC_DebugInformation>
        <DCC_LocalDebugSymbols>false</DCC_LocalDebugSymbols>
        <DCC_SymbolReferenceInfo>0</DCC_SymbolReferenceInfo>
    </PropertyGroup>
    <PropertyGroup Condition="'$(Cfg_2)'!=''">
        <DCC_Define>DEBUG;$(DCC_Define)</DCC_Define>
        <DCC_Optimize>false</DCC_Optimize>
        <DCC_GenerateStackFrames>true</DCC_GenerateStackFrames>
        <DCC_RangeChecking>true</DCC_RangeChecking>
        <DCC_IntegerOverflowCheck>true</DCC_IntegerOverflowCheck>
    </PropertyGroup>
    <ItemGroup>
        <DelphiCompile Include="$(MainSource)">
            <MainSource>MainSource</MainSource>
        </DelphiCompile>
        <DCCReference Include="dsnap.dcp"/>
        <DCCReference Include="KZ.dcp"/>
        <DCCReference Include="ACBr_DFeComum.dcp"/>
        <DCCReference Include="ACBr_BlocoX.dcp"/>
        <DCCReference Include="ACBr_Comum.dcp"/>
        <DCCReference Include="ACBr_OpenSSL.dcp"/>
        <DCCReference Include="ACBr_synapse.dcp"/>
        <DCCReference Include="ACBr_SPED.dcp"/>
        <DCCReference Include="ACBr_PAF.dcp"/>
        <DCCReference Include="ACBr_Boleto.dcp"/>
        <DCCReference Include="ACBr_BoletoRL.dcp"/>
        <DCCReference Include="automacao.dcp"/>
        <DCCReference Include="tecsoft6.dcp"/>
        <DCCReference Include="vcl.dcp"/>
        <DCCReference Include="rtl.dcp"/>
        <DCCReference Include="vcljpg.dcp"/>
        <DCCReference Include="vcldb.dcp"/>
        <DCCReference Include="dbrtl.dcp"/>
        <DCCReference Include="designide.dcp"/>
        <DCCReference Include="vclactnband.dcp"/>
        <DCCReference Include="vclx.dcp"/>
        <DCCReference Include="visualclx.dcp"/>
        <DCCReference Include="frx.dcp"/>
        <DCCReference Include="visualdbclx.dcp"/>
        <DCCReference Include="VclSmp.dcp"/>
        <DCCReference Include="frx7.dcp"/>
        <DCCReference Include="frxDB7.dcp"/>
        <DCCReference Include="frxe7.dcp"/>
        <DCCReference Include="ZDbware6.dcp"/>
        <DCCReference Include="ZCommon6.dcp"/>
        <DCCReference Include="ZPgSql6.dcp"/>
        <DCCReference Include="bdertl.dcp"/>
        <DCCReference Include="pngimage_D7.dcp"/>
        <DCCReference Include="fs7.dcp"/>
        <DCCReference Include="fqb70.dcp"/>
        <DCCReference Include="fsDB7.dcp"/>
        <DCCReference Include="ExportarExcel.dcp"/>
        <DCCReference Include="TMSD7.dcp"/>
        <DCCReference Include="TMSDED7.dcp"/>
        <DCCReference Include="IndySystem70.dcp"/>
        <DCCReference Include="IndyCore70.dcp"/>
        <DCCReference Include="IndyProtocols70.dcp"/>
        <DCCReference Include="xmlrtl.dcp"/>
        <DCCReference Include="inet.dcp"/>
        <DCCReference Include="tmsexd7.dcp"/>
        <DCCReference Include="tmswizd7.dcp"/>
        <DCCReference Include="tmsxlsd7.dcp"/>
        <DCCReference Include="FrameViewer7.dcp"/>
        <DCCReference Include="ACBr_CTe.dcp"/>
        <DCCReference Include="ACBr_PCNComum.dcp"/>
        <DCCReference Include="ACBr_Diversos.dcp"/>
        <DCCReference Include="ACBr_TCP.dcp"/>
        <DCCReference Include="ACBr_Integrador.dcp"/>
        <DCCReference Include="soaprtl.dcp"/>
        <DCCReference Include="webdsnap.dcp"/>
        <DCCReference Include="inetdb.dcp"/>
        <DCCReference Include="dsnapcon.dcp"/>
        <DCCReference Include="ACBr_PIXCD.dcp"/>
        <DCCReference Include="frtelefone.pas">
            <Form>fraTelefone</Form>
            <DesignClass>TFrame</DesignClass>
        </DCCReference>
        <DCCReference Include="dmtecsoft.pas">
            <Form>dtmTecSoft</Form>
            <DesignClass>TDataModule</DesignClass>
        </DCCReference>
        <DCCReference Include="fmajuda.pas">
            <Form>frmAjuda</Form>
        </DCCReference>
        <DCCReference Include="frcgcoucpf.pas">
            <Form>fracgcoucpf</Form>
            <DesignClass>TFrame</DesignClass>
        </DCCReference>
        <DCCReference Include="frcomissao.pas">
            <Form>fraComissao</Form>
            <DesignClass>TFrame</DesignClass>
        </DCCReference>
        <DCCReference Include="frdadoscliente.pas">
            <Form>fraDadosCliente</Form>
            <DesignClass>TFrame</DesignClass>
        </DCCReference>
        <DCCReference Include="frendereco.pas">
            <Form>fraEndereco</Form>
            <DesignClass>TFrame</DesignClass>
        </DCCReference>
        <DCCReference Include="frenderecoeditor.pas">
            <Form>fraEnderecoEditor</Form>
            <DesignClass>TFrame</DesignClass>
        </DCCReference>
        <DCCReference Include="frfoneramal.pas">
            <Form>fraFoneRamal</Form>
            <DesignClass>TFrame</DesignClass>
        </DCCReference>
        <DCCReference Include="dmbasico.pas">
            <Form>dtmBasico</Form>
            <DesignClass>TDataModule</DesignClass>
        </DCCReference>
        <DCCReference Include="fmtrocasenha.pas">
            <Form>frmTrocaSenha</Form>
        </DCCReference>
        <DCCReference Include="dmconsultaenderecos.pas">
            <Form>dtmConsultaEnderecos</Form>
            <DesignClass>TDataModule</DesignClass>
        </DCCReference>
        <DCCReference Include="dmsenhaautorizacao.pas">
            <Form>dtmSenhaAutorizacao</Form>
            <DesignClass>TDataModule</DesignClass>
        </DCCReference>
        <DCCReference Include="fmconsultabasica.pas">
            <Form>frmConsultaBasica</Form>
        </DCCReference>
        <DCCReference Include="fmlerdata.pas">
            <Form>frmLerData</Form>
        </DCCReference>
        <DCCReference Include="fmlerdatanumero.pas">
            <Form>frmLerDataNumero</Form>
        </DCCReference>
        <DCCReference Include="fmlogin.pas">
            <Form>frmLogin</Form>
        </DCCReference>
        <DCCReference Include="fmnavcontroles.pas">
            <Form>frmNavControles</Form>
        </DCCReference>
        <DCCReference Include="fmprincipalbasico.pas">
            <Form>frmPrincipalBasico</Form>
        </DCCReference>
        <DCCReference Include="fmsenhaautorizacao.pas">
            <Form>frmSenhaAutorizacao</Form>
        </DCCReference>
        <DCCReference Include="fmconsultaporcampo.pas">
            <Form>frmConsultaPorCampo</Form>
        </DCCReference>
        <DCCReference Include="fmajudabt.pas">
            <Form>frmAjudaBt</Form>
        </DCCReference>
        <DCCReference Include="fmrelatoriopadrao.pas">
            <Form>frmRelatorioPadrao</Form>
        </DCCReference>
        <DCCReference Include="fmcadastropadrao.pas">
            <Form>frmCadastroPadrao</Form>
        </DCCReference>
        <DCCReference Include="fmcadastropadraonavegacao.pas">
            <Form>frmCadastroPadraoNav</Form>
        </DCCReference>
        <DCCReference Include="rgrepositorio.pas"/>
        <DCCReference Include="frconsultadadoscliente.pas">
            <Form>fraConsultaDadosCliente</Form>
            <DesignClass>TFrame</DesignClass>
        </DCCReference>
        <DCCReference Include="dmconsultadadoscliente.pas">
            <Form>dtmConsultaDadosCliente</Form>
            <DesignClass>TDataModule</DesignClass>
        </DCCReference>
        <DCCReference Include="frconsultadadosclientecod.pas">
            <Form>fraConsultaDadosClienteCod</Form>
            <DesignClass>TFrame</DesignClass>
        </DCCReference>
        <DCCReference Include="fmsplash.pas">
            <Form>frmSplash</Form>
        </DCCReference>
        <DCCReference Include="fmhelpviewer.pas">
            <Form>frmHelpForm</Form>
        </DCCReference>
        <DCCReference Include="dmimprimefiscal.pas">
            <Form>dtmImprimeFiscal</Form>
            <DesignClass>TDataModule</DesignClass>
        </DCCReference>
        <DCCReference Include="fmloginbasico.pas">
            <Form>frmLoginBasico</Form>
        </DCCReference>
        <DCCReference Include="fmautorizacao.pas">
            <Form>frmAutorizacao</Form>
        </DCCReference>
        <DCCReference Include="fmlernumero.pas">
            <Form>frmLerNumero</Form>
        </DCCReference>
        <DCCReference Include="dmimprimecarne.pas">
            <Form>dtmImprimeCarne</Form>
            <DesignClass>TDataModule</DesignClass>
        </DCCReference>
        <DCCReference Include="frcgccpf.pas">
            <Form>fraCPFCGC</Form>
            <DesignClass>TFrame</DesignClass>
        </DCCReference>
        <DCCReference Include="frcmc7.pas">
            <Form>fraCMC7</Form>
            <DesignClass>TFrame</DesignClass>
        </DCCReference>
        <DCCReference Include="fmenviaremail.pas">
            <Form>frmEnviarEmail</Form>
        </DCCReference>
        <DCCReference Include="fmpreviewpadrao.pas"/>
        <DCCReference Include="dmimprimenotaentrada.pas">
            <Form>dtmImprimeNotaEntrada</Form>
            <DesignClass>TDataModule</DesignClass>
        </DCCReference>
        <DCCReference Include="fmlervalor.pas">
            <Form>frmLerValor</Form>
        </DCCReference>
        <DCCReference Include="dmimprimefichacobranca.pas">
            <Form>dtmImprimeFichaCobranca</Form>
            <DesignClass>TDataModule</DesignClass>
        </DCCReference>
        <DCCReference Include="dmimprimecontratos.pas">
            <Form>dtmImprimeContratos</Form>
            <DesignClass>TDataModule</DesignClass>
        </DCCReference>
        <DCCReference Include="dmimprimetermos.pas">
            <Form>dtmImprimeTermos</Form>
            <DesignClass>TDataModule</DesignClass>
        </DCCReference>
        <DCCReference Include="dmimprimeorcamento.pas">
            <Form>dtmImprimeOrcamento</Form>
            <DesignClass>TDataModule</DesignClass>
        </DCCReference>
        <DCCReference Include="dmimprimeboleto.pas">
            <Form>dtmImprimeBoleto</Form>
            <DesignClass>TDataModule</DesignClass>
        </DCCReference>
        <DCCReference Include="dmcalculofinanciamento.pas">
            <Form>dtmCalculoFinanciamento</Form>
            <DesignClass>TDataModule</DesignClass>
        </DCCReference>
        <DCCReference Include="fmcalculofinanciamento.pas">
            <Form>frmCalculoFinanciamento</Form>
        </DCCReference>
        <DCCReference Include="fmconfirmarimpressaonocontrato.pas">
            <Form>frmConfirmarImpressaoNoContrato</Form>
        </DCCReference>
        <DCCReference Include="dmImprimeListaParcelasEmAberto.pas">
            <Form>dtmImprimeListaParcelasEmAberto</Form>
            <DesignClass>TDataModule</DesignClass>
        </DCCReference>
        <DCCReference Include="dmimprimeordemservicos.pas">
            <Form>dtmImprimeOrdemServicos</Form>
            <DesignClass>TDataModule</DesignClass>
        </DCCReference>
        <DCCReference Include="dmcadastroequipamentos.pas">
            <Form>dtmCadastroEquipamentos</Form>
            <DesignClass>TDataModule</DesignClass>
        </DCCReference>
        <DCCReference Include="dmvisualizarsaldotroca.pas">
            <Form>dtmVisualizarSaldoTroca</Form>
            <DesignClass>TDataModule</DesignClass>
        </DCCReference>
        <DCCReference Include="fmvisualizarsaldotroca.pas">
            <Form>frmVisualizarSaldoTroca</Form>
        </DCCReference>
        <DCCReference Include="dmimprimecontratomatricial.pas">
            <Form>dtmImprimeContratoMatricial</Form>
            <DesignClass>TDataModule</DesignClass>
        </DCCReference>
        <DCCReference Include="dmimprimesaldocliente.pas">
            <Form>dtmimprimesaldocliente</Form>
            <DesignClass>TDataModule</DesignClass>
        </DCCReference>
        <DCCReference Include="frlercontacorrentesaldo.pas">
            <Form>fraLerContaCorrenteSaldo</Form>
            <DesignClass>TFrame</DesignClass>
        </DCCReference>
        <DCCReference Include="frlistagruposfiliais.pas">
            <Form>fraListaGruposFiliais</Form>
            <DesignClass>TFrame</DesignClass>
        </DCCReference>
        <DCCReference Include="frlistafiliais.pas">
            <Form>fraListaFiliais</Form>
            <DesignClass>TFrame</DesignClass>
        </DCCReference>
        <DCCReference Include="dmlancamentocontabilidade.pas">
            <Form>dtmLancamentoContabilidade</Form>
            <DesignClass>TDataModule</DesignClass>
        </DCCReference>
        <DCCReference Include="dmgerarnotafiscal.pas">
            <Form>dtmGerarNotaFiscal</Form>
            <DesignClass>TDataModule</DesignClass>
        </DCCReference>
        <DCCReference Include="frconsulta.pas">
            <Form>fraConsulta</Form>
            <DesignClass>TFrame</DesignClass>
        </DCCReference>
        <DCCReference Include="fmcalcularduplicatas.pas">
            <Form>frmCalcularDuplicatas</Form>
        </DCCReference>
        <DCCReference Include="fmcadastrosaldoclientes.pas">
            <Form>frmCadastroSaldoClientes</Form>
        </DCCReference>
        <DCCReference Include="frconsultacodigo.pas">
            <Form>fraConsultaCodigo</Form>
            <DesignClass>TFrame</DesignClass>
        </DCCReference>
        <DCCReference Include="fmrenovarsenha.pas">
            <Form>frmRenovarSenha</Form>
        </DCCReference>
        <DCCReference Include="fmleituramemoriafiscalreducao.pas">
            <Form>frmLeituraMemoriaFiscalReducao</Form>
        </DCCReference>
        <DCCReference Include="fmleituramemoriafiscaldata.pas">
            <Form>frmLeituraMemoriaFiscalData</Form>
        </DCCReference>
        <DCCReference Include="frconsultaippgcm.pas">
            <Form>fraConsultaIPPGCM</Form>
            <DesignClass>TFrame</DesignClass>
        </DCCReference>
        <DCCReference Include="frconsultafilialgrupofilial.pas">
            <Form>fraConsultaFilialGrupoFilial</Form>
            <DesignClass>TFrame</DesignClass>
        </DCCReference>
        <DCCReference Include="fmcadastroequipamentos.pas">
            <Form>frmCadastroEquipamentos</Form>
        </DCCReference>
        <DCCReference Include="fmcadastroprodutosequipamentos.pas">
            <Form>frmCadastroProdutosEquipamentos</Form>
        </DCCReference>
        <DCCReference Include="frlancamentocontabilidade.pas">
            <Form>fraLancamentoContabilidade</Form>
            <DesignClass>TFrame</DesignClass>
        </DCCReference>
        <DCCReference Include="dmacertocupomcancelado.pas">
            <Form>dtmAcertoCupomCancelado</Form>
            <DesignClass>TDataModule</DesignClass>
        </DCCReference>
        <DCCReference Include="fmprogresso.pas">
            <Form>frmProgresso</Form>
        </DCCReference>
        <DCCReference Include="dmgerarmapasecf.pas">
            <Form>dtmGerarMapasECF</Form>
            <DesignClass>TDataModule</DesignClass>
        </DCCReference>
        <DCCReference Include="frlistagrupoprodutos.pas">
            <Form>fraListaGrupoProdutos</Form>
            <DesignClass>TFrame</DesignClass>
        </DCCReference>
        <DCCReference Include="frlistaeventos.pas">
            <Form>fraListaEventos</Form>
            <DesignClass>TFrame</DesignClass>
        </DCCReference>
        <DCCReference Include="fmcadastrocontatos.pas">
            <Form>frmcadastrocontatos</Form>
        </DCCReference>
        <DCCReference Include="frlistagrupofornecedores.pas">
            <Form>fraListaGrupoFornecedores</Form>
            <DesignClass>TFrame</DesignClass>
        </DCCReference>
        <DCCReference Include="frlistaclasseprodutos.pas">
            <Form>fraListaclasseProdutos</Form>
            <DesignClass>TFrame</DesignClass>
        </DCCReference>
        <DCCReference Include="frlistamarcasprodutos.pas">
            <Form>fraListamarcasProdutos</Form>
            <DesignClass>TFrame</DesignClass>
        </DCCReference>
        <DCCReference Include="frintervalodatas.pas">
            <Form>fraIntervaloDatas</Form>
            <DesignClass>TFrame</DesignClass>
        </DCCReference>
        <DCCReference Include="frlistaseriesfiliais.pas">
            <Form>fraListaSeriesFiliais</Form>
            <DesignClass>TFrame</DesignClass>
        </DCCReference>
        <DCCReference Include="frlistanaturezas.pas">
            <Form>fraListaNaturezas</Form>
            <DesignClass>TFrame</DesignClass>
        </DCCReference>
        <DCCReference Include="frlistacodigosfiscais.pas">
            <Form>fraListaCodigosFiscais</Form>
            <DesignClass>TFrame</DesignClass>
        </DCCReference>
        <DCCReference Include="frintervalodata.pas">
            <Form>fraIntervaloData</Form>
            <DesignClass>TFrame</DesignClass>
        </DCCReference>
        <DCCReference Include="frintervalodatasparametros.pas">
            <Form>fraIntervaloDatasParametros</Form>
            <DesignClass>TFrame</DesignClass>
        </DCCReference>
        <DCCReference Include="fmcadastroprodutosclientespedidossaidas.pas">
            <Form>frmCadastroProdutosClientesPedidosSaidas</Form>
        </DCCReference>
        <DCCReference Include="frlistacargosouatividades.pas">
            <Form>fraListaCargosouAtividades</Form>
            <DesignClass>TFrame</DesignClass>
        </DCCReference>
        <DCCReference Include="frdataparametro.pas">
            <Form>fraDataParametro</Form>
            <DesignClass>TFrame</DesignClass>
        </DCCReference>
        <DCCReference Include="friesubsttributario.pas">
            <Form>fraIESubstTributario</Form>
            <DesignClass>TFrame</DesignClass>
        </DCCReference>
        <DCCReference Include="frselecaoaleatoria.pas">
            <Form>fraSelecaoAleatoria</Form>
            <DesignClass>TFrame</DesignClass>
        </DCCReference>
        <DCCReference Include="frordenacao.pas">
            <Form>fraOrdenacao</Form>
            <DesignClass>TFrame</DesignClass>
        </DCCReference>
        <DCCReference Include="fmalterardata.pas">
            <Form>frmalterardata</Form>
        </DCCReference>
        <DCCReference Include="fmselecionarquantidades.pas">
            <Form>frmselecionarquantidades</Form>
        </DCCReference>
        <DCCReference Include="fmcalcularparcelas.pas">
            <Form>frmCalcularParcelas</Form>
        </DCCReference>
        <DCCReference Include="fmimpressaocontratoimoveis.pas">
            <Form>frmimpressaocontratoimoveis</Form>
        </DCCReference>
        <DCCReference Include="dmimprimecontratosimoveis.pas">
            <Form>dtmImprimeContratosImoveis</Form>
            <DesignClass>TDataModule</DesignClass>
        </DCCReference>
        <DCCReference Include="frestoquesfiliais.pas">
            <Form>fraEstoquesFiliais</Form>
            <DesignClass>TFrame</DesignClass>
        </DCCReference>
        <DCCReference Include="dmmenufiscal.pas">
            <Form>dtmMenuFiscal</Form>
            <DesignClass>TDataModule</DesignClass>
        </DCCReference>
        <DCCReference Include="fmmenufiscal.pas">
            <Form>frmMenuFiscal</Form>
        </DCCReference>
        <DCCReference Include="dmgerarsintegraemarquivo.pas">
            <Form>dtmGerarSintegraemArquivo</Form>
            <DesignClass>TDataModule</DesignClass>
        </DCCReference>
        <DCCReference Include="dmefd.pas">
            <Form>dtmEFD</Form>
            <DesignClass>TDataModule</DesignClass>
        </DCCReference>
        <DCCReference Include="frconsultacontabil.pas">
            <Form>fraConsultaContabil</Form>
            <DesignClass>TFrame</DesignClass>
        </DCCReference>
        <DCCReference Include="frconsultacodigocontabil.pas">
            <Form>fraConsultaCodigoContabil</Form>
            <DesignClass>TFrame</DesignClass>
        </DCCReference>
        <DCCReference Include="dmimprimedav.pas">
            <Form>dtmImprimeDAV</Form>
            <DesignClass>TDataModule</DesignClass>
        </DCCReference>
        <DCCReference Include="dmcontrolenotasfiscaiseletronicas.pas">
            <Form>dtmControleNotasFiscaisEletronicas</Form>
            <DesignClass>TDataModule</DesignClass>
        </DCCReference>
        <DCCReference Include="dmfichafinanceira.pas">
            <Form>dtmFichaFinanceira</Form>
            <DesignClass>TDataModule</DesignClass>
        </DCCReference>
        <DCCReference Include="fmfichafinanceira.pas">
            <Form>frmFichaFinanceira</Form>
        </DCCReference>
        <DCCReference Include="dmimprimefiscalgrafica.pas">
            <Form>dtmImprimeFiscalGrafica</Form>
            <DesignClass>TDataModule</DesignClass>
        </DCCReference>
        <DCCReference Include="dmquitacaolote.pas">
            <Form>dtmQuitacaoLote</Form>
            <DesignClass>TDataModule</DesignClass>
        </DCCReference>
        <DCCReference Include="fmquitacaolote.pas">
            <Form>frmQuitacaoLote</Form>
        </DCCReference>
        <DCCReference Include="dmestornorecebimentos.pas">
            <Form>dtmEstornoRecebimentos</Form>
            <DesignClass>TDataModule</DesignClass>
        </DCCReference>
        <DCCReference Include="fmestornorecebimentos.pas">
            <Form>frmEstornoRecebimentos</Form>
        </DCCReference>
        <DCCReference Include="fmmensagemgrid.pas">
            <Form>frmMensagemGrid</Form>
        </DCCReference>
        <DCCReference Include="dmimprimeautorizacaopagto.pas">
            <Form>dtmImprimeAutorizacaoPagto</Form>
            <DesignClass>TDataModule</DesignClass>
        </DCCReference>
        <DCCReference Include="frlistatiposderecebimentos.pas">
            <Form>fraListaTiposdeRecebimentos</Form>
            <DesignClass>TFrame</DesignClass>
        </DCCReference>
        <DCCReference Include="frdbcgcoucpf.pas">
            <Form>fradbcgcoucpf</Form>
            <DesignClass>TFrame</DesignClass>
        </DCCReference>
        <DCCReference Include="fmOpcaoEstoqueMenuFiscal.pas">
            <Form>frmOpcaoEstoqueMenuFiscal</Form>
        </DCCReference>
        <DCCReference Include="dmrelatoriofluxodecaixa.pas">
            <Form>dtmrelatoriofluxodecaixa</Form>
            <DesignClass>TDataModule</DesignClass>
        </DCCReference>
        <DCCReference Include="fmrelatoriofluxodecaixa.pas">
            <Form>frmrelatoriofluxodecaixa</Form>
        </DCCReference>
        <DCCReference Include="fmimprimeboletografico.pas">
            <Form>frmImprimeBoletoGrafico</Form>
        </DCCReference>
        <DCCReference Include="frCartaCorrecaoEletronica.pas">
            <Form>fraCartaCorrecaoEletronica</Form>
            <DesignClass>TFrame</DesignClass>
        </DCCReference>
        <DCCReference Include="fmConferenciaProdutos.pas">
            <Form>frmConferenciaProdutos</Form>
        </DCCReference>
        <DCCReference Include="fmSelecionarFilial.pas">
            <Form>frmSelecionarFilial</Form>
        </DCCReference>
        <DCCReference Include="frordenacao_cr.pas">
            <Form>fraOrdenacao_cr</Form>
            <DesignClass>TFrame</DesignClass>
        </DCCReference>
        <DCCReference Include="fmOpcaoVendasPeriodoMenuFiscal.pas">
            <Form>frmOpcaoVendasPeriodoMenuFiscal</Form>
        </DCCReference>
        <DCCReference Include="fmOpcaoLeituraMemoriaFiscalMenuFiscal.pas">
            <Form>frmOpcaoLeituraMemoriaFiscalMenuFiscal</Form>
        </DCCReference>
        <DCCReference Include="frselecaoaleatoriaitemdeprodutos.pas">
            <Form>fraSelecaoAleatoriaItemdeProdutos</Form>
            <DesignClass>TFrame</DesignClass>
        </DCCReference>
        <DCCReference Include="frmultiplaselecaoaleatoria.pas">
            <Form>fraMultiplaSelecaoAleatoria</Form>
            <DesignClass>TFrame</DesignClass>
        </DCCReference>
        <DCCReference Include="frselecaoaleatoriaprodutos.pas">
            <Form>fraSelecaoAleatoriaprodutos</Form>
            <DesignClass>TFrame</DesignClass>
        </DCCReference>
        <DCCReference Include="frselecaoaleatoriagruposprodutos.pas">
            <Form>fraSelecaoaleatoriagruposprodutos</Form>
            <DesignClass>TFrame</DesignClass>
        </DCCReference>
        <DCCReference Include="frselecaoaleatoriaclassesprodutos.pas">
            <Form>fraSelecaoaleatoriaclassesprodutos</Form>
            <DesignClass>TFrame</DesignClass>
        </DCCReference>
        <DCCReference Include="frselecaoaleatoriamarcasprodutos.pas">
            <Form>fraSelecaoAleatoriamarcasProdutos</Form>
            <DesignClass>TFrame</DesignClass>
        </DCCReference>
        <DCCReference Include="dmFormacaoPrecoVenda.pas">
            <Form>dtmFormacaoPrecoVenda</Form>
            <DesignClass>TDataModule</DesignClass>
        </DCCReference>
        <DCCReference Include="fmFormacaoPrecoVenda.pas">
            <Form>frmFormacaoPrecoVenda</Form>
        </DCCReference>
        <DCCReference Include="..\apps\estoque\dmconsultavendas.pas">
            <Form>dtmConsultaVendas</Form>
            <DesignClass>TDataModule</DesignClass>
        </DCCReference>
        <DCCReference Include="..\apps\estoque\fmconsultavendas.pas">
            <Form>frmConsultaVendas</Form>
        </DCCReference>
        <DCCReference Include="frDadosLoginSite.pas">
            <Form>fradadosloginsite</Form>
            <DesignClass>TFrame</DesignClass>
        </DCCReference>
        <DCCReference Include="frdocumentoscontatos.pas">
            <Form>fraDocumentosContatos</Form>
            <DesignClass>TFrame</DesignClass>
        </DCCReference>
        <DCCReference Include="frAtendimentosDocumentos.pas">
            <Form>fraAtendimentosDocumentos</Form>
            <DesignClass>TFrame</DesignClass>
        </DCCReference>
        <DCCReference Include="frProdutosNotasFiscaisAnteriores.pas">
            <Form>fraProdutosNotasFiscaisAnteriores</Form>
            <DesignClass>TFrame</DesignClass>
        </DCCReference>
        <DCCReference Include="fmConsultaProdutosNotasAnteriores.pas">
            <Form>frmConsultaProdutosNotasFiscaisAnteriores</Form>
        </DCCReference>
        <DCCReference Include="frVisualizarImageURL.pas">
            <Form>fraVisualizarImageURL</Form>
            <DesignClass>TFrame</DesignClass>
        </DCCReference>
        <DCCReference Include="fmVisualizarImageURL.pas">
            <Form>frmVisualizarImageURL</Form>
        </DCCReference>
        <DCCReference Include="frAgendamentoProdutos.pas">
            <Form>fraAgendamentoProdutos</Form>
            <DesignClass>TFrame</DesignClass>
        </DCCReference>
        <DCCReference Include="fmAgendamentoProdutos.pas">
            <Form>frmAgendamentoProdutos</Form>
        </DCCReference>
        <DCCReference Include="..\apps\vendas\dmconsultaorcamentos.pas">
            <Form>dtmConsultaOrcamentos</Form>
            <DesignClass>TDataModule</DesignClass>
        </DCCReference>
        <DCCReference Include="..\apps\vendas\fmconsultaorcamentos.pas">
            <Form>frmConsultaOrcamentos</Form>
        </DCCReference>
        <DCCReference Include="..\apps\vendas\fmmotivos.pas">
            <Form>frmMotivos</Form>
        </DCCReference>
        <DCCReference Include="frselecaoaleatoriaclientes.pas">
            <Form>fraSelecaoAleatoriaClientes</Form>
            <DesignClass>TFrame</DesignClass>
        </DCCReference>
        <DCCReference Include="frselecaoaleatoriagruposfornecedores.pas">
            <Form>fraSelecaoAleatoriagruposfornecedores</Form>
            <DesignClass>TFrame</DesignClass>
        </DCCReference>
        <DCCReference Include="frselecaoaleatoriaplanorecebimento.pas">
            <Form>fraSelecaoAleatoriaplanorecebimento</Form>
            <DesignClass>TFrame</DesignClass>
        </DCCReference>
        <DCCReference Include="frselecaoaleatoriatiporecebimento.pas">
            <Form>fraSelecaoAleatoriatiporecebimento</Form>
            <DesignClass>TFrame</DesignClass>
        </DCCReference>
        <DCCReference Include="fmOpcaoVendasIdentificadas.pas">
            <Form>frmOpcaoVendasIdentificadas</Form>
        </DCCReference>
        <DCCReference Include="fmvisualizarlogcontratos.pas">
            <Form>frmvisualizarlogcontratos</Form>
        </DCCReference>
        <DCCReference Include="frselecaoaleatoriausuarios.pas">
            <Form>fraSelecaoAleatoriausuarios</Form>
            <DesignClass>TFrame</DesignClass>
        </DCCReference>
        <DCCReference Include="frPesquisaCupomFiscal.pas">
            <Form>fraPesquisaCupomFiscal</Form>
            <DesignClass>TFrame</DesignClass>
        </DCCReference>
        <DCCReference Include="fmVisualizarCustoVenda.pas">
            <Form>frmVisualizarCustoVenda</Form>
        </DCCReference>
        <DCCReference Include="frselecaoaleatorialistaspadronizadas.pas">
            <Form>fraSelecaoaleatorialistaspadronizadas</Form>
            <DesignClass>TFrame</DesignClass>
        </DCCReference>
        <DCCReference Include="fmLerProdutosArquivo.pas">
            <Form>frrmLerProdutosArquivo</Form>
        </DCCReference>
        <DCCReference Include="fmManejarListas.pas">
            <Form>frmManejarListas</Form>
        </DCCReference>
        <DCCReference Include="uProcessamentoNFE.pas"/>
        <DCCReference Include="fmselecionarusuario.pas">
            <Form>frmSelecionarUsuario</Form>
        </DCCReference>
        <DCCReference Include="frselecaoaleatoriapromocoes.pas">
            <Form>fraSelecaoaleatoriapromocoes</Form>
            <DesignClass>TFrame</DesignClass>
        </DCCReference>
        <DCCReference Include="frselecaoaleatoriavendedores.pas">
            <Form>fraSelecaoAleatoriavendedores</Form>
            <DesignClass>TFrame</DesignClass>
        </DCCReference>
        <DCCReference Include="ctcontantesdmbasico.pas"/>
        <DCCReference Include="frselecaoaleatoriacsosn.pas">
            <Form>fraSelecaoAleatoriacsosn</Form>
            <DesignClass>TFrame</DesignClass>
        </DCCReference>
        <DCCReference Include="frselecaoaleatoriacst.pas">
            <Form>fraSelecaoAleatoriacst</Form>
            <DesignClass>TFrame</DesignClass>
        </DCCReference>
        <DCCReference Include="..\apps\sac\dmEnquete.pas">
            <Form>dtmEnquete</Form>
            <DesignClass>TDataModule</DesignClass>
        </DCCReference>
        <DCCReference Include="..\apps\sac\fmEnquete.pas">
            <Form>frmEnquete</Form>
        </DCCReference>
        <DCCReference Include="fmvisualizarlogclientes.pas">
            <Form>frmVisualizarLogClientes</Form>
        </DCCReference>
        <DCCReference Include="frlistatiposatendimentos.pas">
            <Form>fraListatiposatendimentos</Form>
            <DesignClass>TFrame</DesignClass>
        </DCCReference>
        <DCCReference Include="dmDicionarioDados.pas">
            <Form>dtmDicionarioDados</Form>
            <DesignClass>TDataModule</DesignClass>
        </DCCReference>
        <DCCReference Include="fmmensagemgridprodutosconferencia.pas">
            <Form>frmmensagemgridprodutosconferencia</Form>
        </DCCReference>
        <DCCReference Include="frselecaoaleatoriagruposusuarios.pas">
            <Form>fraSelecaoAleatoriagruposusuarios</Form>
            <DesignClass>TFrame</DesignClass>
        </DCCReference>
        <DCCReference Include="frselecaoaleatoriamodelosprodutos.pas">
            <Form>fraSelecaoAleatoriamodelosProdutos</Form>
            <DesignClass>TFrame</DesignClass>
        </DCCReference>
        <DCCReference Include="dmimprimeosp.pas">
            <Form>dtmImprimeOsp</Form>
            <DesignClass>TDataModule</DesignClass>
        </DCCReference>
        <DCCReference Include="frRegistroOperacoes.pas">
            <Form>fraRegistroOperacoes</Form>
            <DesignClass>TFrame</DesignClass>
        </DCCReference>
        <DCCReference Include="fmlertexto.pas">
            <Form>frmLerTexto</Form>
        </DCCReference>
        <DCCReference Include="frselecaoaleatorianotas.pas">
            <Form>fraSelecaoAleatorianotas</Form>
            <DesignClass>TFrame</DesignClass>
        </DCCReference>
        <DCCReference Include="fmenviaremailimagem.pas">
            <Form>frmEnviarEmailImagem</Form>
        </DCCReference>
        <DCCReference Include="frselecaoaleatorianotassaidas.pas">
            <Form>fraselecaoaleatorianotassaidas</Form>
            <DesignClass>TFrame</DesignClass>
        </DCCReference>
        <DCCReference Include="frselecaoaleatoriacontratos.pas">
            <Form>fraSelecaoAleatoriacontratos</Form>
            <DesignClass>TFrame</DesignClass>
        </DCCReference>
        <DCCReference Include="fmmensagemsimnaoopcaocancelamotivo.pas">
            <Form>frmMensagemSimNaoopcaocancelamotivo</Form>
        </DCCReference>
        <DCCReference Include="fmArquivosAnexados.pas">
            <Form>frmArquivosAnexados</Form>
        </DCCReference>
        <DCCReference Include="fmConferenciaDocumentos.pas">
            <Form>frmConferenciaDocumentos</Form>
        </DCCReference>
        <DCCReference Include="fmConsultaProdutosNotasSefaz.pas">
            <Form>frmConsultaProdutosNotasSefaz</Form>
        </DCCReference>
        <DCCReference Include="frselecaoaleatorialocalizacaoestoque.pas">
            <Form>fraSelecaoaleatorialocalizacaoestoque</Form>
            <DesignClass>TFrame</DesignClass>
        </DCCReference>
        <DCCReference Include="frselecaoaleatoriamarketplace.pas">
            <Form>fraSelecaoaleatoriamarketplace</Form>
            <DesignClass>TFrame</DesignClass>
        </DCCReference>
        <DCCReference Include="frselecaoaleatoriaespecificacoesmodelos.pas">
            <Form>fraSelecaoAleatoriaespecificacoesmodelos</Form>
            <DesignClass>TFrame</DesignClass>
        </DCCReference>
        <DCCReference Include="fmFreteTransportadoras.pas">
            <Form>frmFreteTransportadoras</Form>
        </DCCReference>
        <DCCReference Include="fmvisualizarsaldocashback.pas">
            <Form>frmVisualizarSaldocashback</Form>
        </DCCReference>
        <DCCReference Include="dmvisualizarsaldocashback.pas">
            <Form>dtmVisualizarSaldocashback</Form>
            <DesignClass>TDataModule</DesignClass>
        </DCCReference>
        <DCCReference Include="fmcadastrosaldocashback.pas">
            <Form>frmCadastroSaldoCashBack</Form>
        </DCCReference>
        <DCCReference Include="lstConsultaPorCampoItens.pas"/>
        <DCCReference Include="frConsultaProduto.pas">
            <Form>fraConsultaProduto</Form>
            <DesignClass>TFrame</DesignClass>
        </DCCReference>
        <DCCReference Include="frselecaoaleatorialotes.pas">
            <Form>fraSelecaoAleatorialotes</Form>
            <DesignClass>TFrame</DesignClass>
        </DCCReference>
        <DCCReference Include="frselecaoaleatoriaatributos.pas">
            <Form>fraSelecaoAleatoriaatributos</Form>
            <DesignClass>TFrame</DesignClass>
        </DCCReference>
        <DCCReference Include="fmMovimentacaoLotesDadosFiscais.pas">
            <Form>frmMovimentacaoLotesDadosFiscais</Form>
        </DCCReference>
        <DCCReference Include="frselecaoaleatoriaservicos.pas">
            <Form>fraSelecaoaleatoriaservicos</Form>
            <DesignClass>TFrame</DesignClass>
        </DCCReference>
        <DCCReference Include="fmVendasAnteriores.pas">
            <Form>frmVendasAnteriores</Form>
        </DCCReference>
        <DCCReference Include="frVendasAnteriores.pas">
            <Form>fraVendasAnteriores</Form>
            <DesignClass>TFrame</DesignClass>
        </DCCReference>
        <DCCReference Include="fmvisualizarlog.pas">
            <Form>frmvisualizarlog</Form>
        </DCCReference>
        <DCCReference Include="fmCobrancaPIX.pas">
            <Form>frmCobrancaPIX</Form>
        </DCCReference>
        <DCCReference Include="frPesquisaNotaFiscal.pas">
            <Form>fraPesquisaNotaFiscal</Form>
            <DesignClass>TFrame</DesignClass>
        </DCCReference>
        <DCCReference Include="frselecaoaleatoriaeventos.pas">
            <Form>fraSelecaoAleatoriaeventos</Form>
            <DesignClass>TFrame</DesignClass>
        </DCCReference>
        <DCCReference Include="frselecaoaleatoriacontasbancarias.pas">
            <Form>fraSelecaoAleatoriacontasbancarias</Form>
            <DesignClass>TFrame</DesignClass>
        </DCCReference>
        <DCCReference Include="..\apps\entrega\fmReagendamentoEntregas.pas">
            <Form>frmReagendamentoEntregas</Form>
        </DCCReference>
        <DCCReference Include="..\apps\entrega\dmConsultaEntregaProdutos.pas">
            <Form>dtmConsultaEntregaProdutos</Form>
            <DesignClass>TDataModule</DesignClass>
        </DCCReference>
        <DCCReference Include="..\apps\entrega\fmConsultaEntregaProdutos.pas">
            <Form>frmConsultaEntregaProdutos</Form>
        </DCCReference>
        <BuildConfiguration Include="Base">
            <Key>Base</Key>
        </BuildConfiguration>
        <BuildConfiguration Include="Release">
            <Key>Cfg_1</Key>
            <CfgParent>Base</CfgParent>
        </BuildConfiguration>
        <BuildConfiguration Include="Debug">
            <Key>Cfg_2</Key>
            <CfgParent>Base</CfgParent>
        </BuildConfiguration>
    </ItemGroup>
    <ProjectExtensions>
        <Borland.Personality>Delphi.Personality.12</Borland.Personality>
        <Borland.ProjectType>Package</Borland.ProjectType>
        <BorlandProject>
            <Delphi.Personality>
                <Source>
                    <Source Name="MainSource">repositorio.dpk</Source>
                </Source>
            </Delphi.Personality>
            <Platforms>
                <Platform value="Android">False</Platform>
                <Platform value="iOSDevice32">False</Platform>
                <Platform value="iOSSimulator">False</Platform>
                <Platform value="Win32">True</Platform>
                <Platform value="Win64">False</Platform>
            </Platforms>
        </BorlandProject>
        <ProjectFileVersion>12</ProjectFileVersion>
    </ProjectExtensions>
    <Import Project="$(BDS)\Bin\CodeGear.Delphi.Targets" Condition="Exists('$(BDS)\Bin\CodeGear.Delphi.Targets')"/>
    <Import Project="$(APPDATA)\Embarcadero\$(BDSAPPDATABASEDIR)\$(PRODUCTVERSION)\UserTools.proj" Condition="Exists('$(APPDATA)\Embarcadero\$(BDSAPPDATABASEDIR)\$(PRODUCTVERSION)\UserTools.proj')"/>
</Project>
